
Microsoft Visual Studio Solution File, Format Version 12.00
# Visual Studio Version 16
VisualStudioVersion = 16.0.31205.134
MinimumVisualStudioVersion = 10.0.40219.1
Project("{FAE04EC0-301F-11D3-BF4B-00C04F79EFBC}") = "LTQL_1721050883", "LTQL_1721050883\LTQL_1721050883.csproj", "{2679369E-CC3C-4391-B381-CF5CDB52A0CC}"
EndProject
Global
	GlobalSection(SolutionConfigurationPlatforms) = preSolution
		Debug|Any CPU = Debug|Any CPU
		Release|Any CPU = Release|Any CPU
	EndGlobalSection
	GlobalSection(ProjectConfigurationPlatforms) = postSolution
		{2679369E-CC3C-4391-B381-CF5CDB52A0CC}.Debug|Any CPU.ActiveCfg = Debug|Any CPU
		{2679369E-CC3C-4391-B381-CF5CDB52A0CC}.Debug|Any CPU.Build.0 = Debug|Any CPU
		{2679369E-CC3C-4391-B381-CF5CDB52A0CC}.Release|Any CPU.ActiveCfg = Release|Any CPU
		{2679369E-CC3C-4391-B381-CF5CDB52A0CC}.Release|Any CPU.Build.0 = Release|Any CPU
	EndGlobalSection
	GlobalSection(SolutionProperties) = preSolution
		HideSolutionNode = FALSE
	EndGlobalSection
	GlobalSection(ExtensibilityGlobals) = postSolution
		SolutionGuid = {8E95FAB5-ED27-4E59-938F-EA5E04DA0857}
	EndGlobalSection
EndGlobal
